
Microsoft Visual Studio Solution File, Format Version 12.00
# Visual Studio Version 16
VisualStudioVersion = 16.0.31605.320
MinimumVisualStudioVersion = 10.0.40219.1
Project("{FAE04EC0-301F-11D3-BF4B-00C04F79EFBC}") = "Assistant_Storekeeper", "Assistant_Storekeeper.csproj", "{0B6AADF8-B2F0-45F2-8D6C-03DD9D27CB4E}"
EndProject
Global
	GlobalSection(SolutionConfigurationPlatforms) = preSolution
		Debug|Any CPU = Debug|Any CPU
		Release|Any CPU = Release|Any CPU
	EndGlobalSection
	GlobalSection(ProjectConfigurationPlatforms) = postSolution
		{0B6AADF8-B2F0-45F2-8D6C-03DD9D27CB4E}.Debug|Any CPU.ActiveCfg = Debug|Any CPU
		{0B6AADF8-B2F0-45F2-8D6C-03DD9D27CB4E}.Debug|Any CPU.Build.0 = Debug|Any CPU
		{0B6AADF8-B2F0-45F2-8D6C-03DD9D27CB4E}.Release|Any CPU.ActiveCfg = Release|Any CPU
		{0B6AADF8-B2F0-45F2-8D6C-03DD9D27CB4E}.Release|Any CPU.Build.0 = Release|Any CPU
	EndGlobalSection
	GlobalSection(SolutionProperties) = preSolution
		HideSolutionNode = FALSE
	EndGlobalSection
	GlobalSection(ExtensibilityGlobals) = postSolution
		SolutionGuid = {EF539D13-E78F-4735-B0F6-D0A3B17B7BE8}
	EndGlobalSection
EndGlobal
